
Microsoft Visual Studio Solution File, Format Version 12.00
# Visual Studio 15
VisualStudioVersion = 15.0.28307.757
MinimumVisualStudioVersion = 10.0.40219.1
Project("{2150E333-8FDC-42A3-9474-1A3956D46DE8}") = "Entity Libraries", "Entity Libraries", "{694F29B2-C463-4464-9E27-7819E9326EB8}"
EndProject
Project("{2150E333-8FDC-42A3-9474-1A3956D46DE8}") = "Examples", "Examples", "{E4408C7D-391C-4BD7-8E91-7262AABAEBD1}"
EndProject
Project("{FAE04EC0-301F-11D3-BF4B-00C04F79EFBC}") = "ExamplesFormProject", "ExamplesFormProject\ExamplesFormProject.csproj", "{4654E03F-7F3B-4249-8A24-9B661A0CC55F}"
EndProject
Project("{FAE04EC0-301F-11D3-BF4B-00C04F79EFBC}") = "MembersLibrary1", "MembersLibrary1\MembersLibrary1.csproj", "{B7A59EFF-3271-4E12-BDE2-360029AB2738}"
EndProject
Project("{2150E333-8FDC-42A3-9474-1A3956D46DE8}") = "Non-Entity Libraries", "Non-Entity Libraries", "{00AA7048-8117-4183-ACA5-1FDB575579E8}"
EndProject
Project("{FAE04EC0-301F-11D3-BF4B-00C04F79EFBC}") = "DescendantsLibrary", "DescendantsLibrary\DescendantsLibrary.csproj", "{70F30648-4CA9-43F5-96F4-6E663369A8E8}"
EndProject
Project("{2150E333-8FDC-42A3-9474-1A3956D46DE8}") = "Solution Items", "Solution Items", "{2B1F3B34-E97F-4D42-90F0-EBA849BA26F9}"
	ProjectSection(SolutionItems) = preProject
		readme.md = readme.md
		script.sql = script.sql
	EndProjectSection
EndProject
Project("{FAE04EC0-301F-11D3-BF4B-00C04F79EFBC}") = "EntityValidationLibrary", "EntityValidationLibrary\EntityValidationLibrary.csproj", "{B1C4FFEA-707F-4DD2-BE1A-33E034979B6E}"
EndProject
Project("{FAE04EC0-301F-11D3-BF4B-00C04F79EFBC}") = "LanguageExtensionsLibrary", "LanguageExtensionsLibrary\LanguageExtensionsLibrary.csproj", "{05D26CF8-0133-46E2-BB78-B51F15F2C81F}"
EndProject
Global
	GlobalSection(SolutionConfigurationPlatforms) = preSolution
		Debug|Any CPU = Debug|Any CPU
		Release|Any CPU = Release|Any CPU
	EndGlobalSection
	GlobalSection(ProjectConfigurationPlatforms) = postSolution
		{4654E03F-7F3B-4249-8A24-9B661A0CC55F}.Debug|Any CPU.ActiveCfg = Debug|Any CPU
		{4654E03F-7F3B-4249-8A24-9B661A0CC55F}.Debug|Any CPU.Build.0 = Debug|Any CPU
		{4654E03F-7F3B-4249-8A24-9B661A0CC55F}.Release|Any CPU.ActiveCfg = Release|Any CPU
		{4654E03F-7F3B-4249-8A24-9B661A0CC55F}.Release|Any CPU.Build.0 = Release|Any CPU
		{B7A59EFF-3271-4E12-BDE2-360029AB2738}.Debug|Any CPU.ActiveCfg = Debug|Any CPU
		{B7A59EFF-3271-4E12-BDE2-360029AB2738}.Debug|Any CPU.Build.0 = Debug|Any CPU
		{B7A59EFF-3271-4E12-BDE2-360029AB2738}.Release|Any CPU.ActiveCfg = Release|Any CPU
		{B7A59EFF-3271-4E12-BDE2-360029AB2738}.Release|Any CPU.Build.0 = Release|Any CPU
		{70F30648-4CA9-43F5-96F4-6E663369A8E8}.Debug|Any CPU.ActiveCfg = Debug|Any CPU
		{70F30648-4CA9-43F5-96F4-6E663369A8E8}.Debug|Any CPU.Build.0 = Debug|Any CPU
		{70F30648-4CA9-43F5-96F4-6E663369A8E8}.Release|Any CPU.ActiveCfg = Release|Any CPU
		{70F30648-4CA9-43F5-96F4-6E663369A8E8}.Release|Any CPU.Build.0 = Release|Any CPU
		{B1C4FFEA-707F-4DD2-BE1A-33E034979B6E}.Debug|Any CPU.ActiveCfg = Debug|Any CPU
		{B1C4FFEA-707F-4DD2-BE1A-33E034979B6E}.Debug|Any CPU.Build.0 = Debug|Any CPU
		{B1C4FFEA-707F-4DD2-BE1A-33E034979B6E}.Release|Any CPU.ActiveCfg = Release|Any CPU
		{B1C4FFEA-707F-4DD2-BE1A-33E034979B6E}.Release|Any CPU.Build.0 = Release|Any CPU
		{05D26CF8-0133-46E2-BB78-B51F15F2C81F}.Debug|Any CPU.ActiveCfg = Debug|Any CPU
		{05D26CF8-0133-46E2-BB78-B51F15F2C81F}.Debug|Any CPU.Build.0 = Debug|Any CPU
		{05D26CF8-0133-46E2-BB78-B51F15F2C81F}.Release|Any CPU.ActiveCfg = Release|Any CPU
		{05D26CF8-0133-46E2-BB78-B51F15F2C81F}.Release|Any CPU.Build.0 = Release|Any CPU
	EndGlobalSection
	GlobalSection(SolutionProperties) = preSolution
		HideSolutionNode = FALSE
	EndGlobalSection
	GlobalSection(NestedProjects) = preSolution
		{4654E03F-7F3B-4249-8A24-9B661A0CC55F} = {E4408C7D-391C-4BD7-8E91-7262AABAEBD1}
		{B7A59EFF-3271-4E12-BDE2-360029AB2738} = {694F29B2-C463-4464-9E27-7819E9326EB8}
		{70F30648-4CA9-43F5-96F4-6E663369A8E8} = {00AA7048-8117-4183-ACA5-1FDB575579E8}
		{B1C4FFEA-707F-4DD2-BE1A-33E034979B6E} = {694F29B2-C463-4464-9E27-7819E9326EB8}
		{05D26CF8-0133-46E2-BB78-B51F15F2C81F} = {00AA7048-8117-4183-ACA5-1FDB575579E8}
	EndGlobalSection
	GlobalSection(ExtensibilityGlobals) = postSolution
		SolutionGuid = {E77FD6DC-D944-444D-A72E-5256C44BE5DA}
	EndGlobalSection
EndGlobal
